
Microsoft Visual Studio Solution File, Format Version 12.00
# Visual Studio 15
VisualStudioVersion = 15.0.28307.271
MinimumVisualStudioVersion = 10.0.40219.1
Project("{9A19103F-16F7-4668-BE54-9A1E7A4F7556}") = "DotNetTask.Api", "DotNetTask.Api\DotNetTask.Api.csproj", "{B7E79167-B791-4EE3-BEBF-AA9D9A9EC7B1}"
EndProject
Project("{9A19103F-16F7-4668-BE54-9A1E7A4F7556}") = "DotNetTask.Test", "DotNetTask.Test\DotNetTask.Test.csproj", "{27A1E2F6-DFEE-45C0-B801-5741BF477331}"
EndProject
Project("{FAE04EC0-301F-11D3-BF4B-00C04F79EFBC}") = "DotNetTask.Data", "DotNetTask.Data\DotNetTask.Data.csproj", "{30D92D34-5724-4D93-9FFE-7EEEF7BEC8BA}"
EndProject
Global
	GlobalSection(SolutionConfigurationPlatforms) = preSolution
		Debug|Any CPU = Debug|Any CPU
		Release|Any CPU = Release|Any CPU
	EndGlobalSection
	GlobalSection(ProjectConfigurationPlatforms) = postSolution
		{B7E79167-B791-4EE3-BEBF-AA9D9A9EC7B1}.Debug|Any CPU.ActiveCfg = Debug|Any CPU
		{B7E79167-B791-4EE3-BEBF-AA9D9A9EC7B1}.Debug|Any CPU.Build.0 = Debug|Any CPU
		{B7E79167-B791-4EE3-BEBF-AA9D9A9EC7B1}.Release|Any CPU.ActiveCfg = Release|Any CPU
		{B7E79167-B791-4EE3-BEBF-AA9D9A9EC7B1}.Release|Any CPU.Build.0 = Release|Any CPU
		{27A1E2F6-DFEE-45C0-B801-5741BF477331}.Debug|Any CPU.ActiveCfg = Debug|Any CPU
		{27A1E2F6-DFEE-45C0-B801-5741BF477331}.Debug|Any CPU.Build.0 = Debug|Any CPU
		{27A1E2F6-DFEE-45C0-B801-5741BF477331}.Release|Any CPU.ActiveCfg = Release|Any CPU
		{27A1E2F6-DFEE-45C0-B801-5741BF477331}.Release|Any CPU.Build.0 = Release|Any CPU
		{30D92D34-5724-4D93-9FFE-7EEEF7BEC8BA}.Debug|Any CPU.ActiveCfg = Debug|Any CPU
		{30D92D34-5724-4D93-9FFE-7EEEF7BEC8BA}.Debug|Any CPU.Build.0 = Debug|Any CPU
		{30D92D34-5724-4D93-9FFE-7EEEF7BEC8BA}.Release|Any CPU.ActiveCfg = Release|Any CPU
		{30D92D34-5724-4D93-9FFE-7EEEF7BEC8BA}.Release|Any CPU.Build.0 = Release|Any CPU
	EndGlobalSection
	GlobalSection(SolutionProperties) = preSolution
		HideSolutionNode = FALSE
	EndGlobalSection
	GlobalSection(ExtensibilityGlobals) = postSolution
		SolutionGuid = {0304BB95-EEB9-4B5A-A66F-6E11C4C06886}
	EndGlobalSection
EndGlobal
